// !$*UTF8*$!
{
	archiveVersion = 1;
	classes = {
	};
	objectVersion = 48;
	objects = {

/* Begin PBXBuildFile section */
		7E148B0320AC1EB800E6267D /* CircularLoopView.m in Sources */ = {isa = PBXBuildFile; fileRef = 7EB93A1720AC197C00501D57 /* CircularLoopView.m */; };
		7E148B0420AC1EB800E6267D /* ChartRenderModel.m in Sources */ = {isa = PBXBuildFile; fileRef = 7EB93A2020AC1C2700501D57 /* ChartRenderModel.m */; };
		7EB93A0120AC195800501D57 /* AppDelegate.m in Sources */ = {isa = PBXBuildFile; fileRef = 7EB93A0020AC195800501D57 /* AppDelegate.m */; };
		7EB93A0420AC195800501D57 /* ViewController.m in Sources */ = {isa = PBXBuildFile; fileRef = 7EB93A0320AC195800501D57 /* ViewController.m */; };
		7EB93A0720AC195800501D57 /* Main.storyboard in Resources */ = {isa = PBXBuildFile; fileRef = 7EB93A0520AC195800501D57 /* Main.storyboard */; };
		7EB93A0920AC195800501D57 /* Assets.xcassets in Resources */ = {isa = PBXBuildFile; fileRef = 7EB93A0820AC195800501D57 /* Assets.xcassets */; };
		7EB93A0C20AC195800501D57 /* LaunchScreen.storyboard in Resources */ = {isa = PBXBuildFile; fileRef = 7EB93A0A20AC195800501D57 /* LaunchScreen.storyboard */; };
		7EB93A0F20AC195800501D57 /* main.m in Sources */ = {isa = PBXBuildFile; fileRef = 7EB93A0E20AC195800501D57 /* main.m */; };
		7EB93A1B20AC1A2E00501D57 /* UIColor+Hex.m in Sources */ = {isa = PBXBuildFile; fileRef = 7EB93A1A20AC1A2E00501D57 /* UIColor+Hex.m */; };
		7EEEE56020AC267000A2D26E /* CircularShapeLayer.m in Sources */ = {isa = PBXBuildFile; fileRef = 7EEEE55F20AC267000A2D26E /* CircularShapeLayer.m */; };
		7EEEE56220AD590700A2D26E /* qqw.gif in Resources */ = {isa = PBXBuildFile; fileRef = 7EEEE56120AD590700A2D26E /* qqw.gif */; };
/* End PBXBuildFile section */

/* Begin PBXFileReference section */
		7EB939FC20AC195800501D57 /* CircularLoopView.app */ = {isa = PBXFileReference; explicitFileType = wrapper.application; includeInIndex = 0; path = CircularLoopView.app; sourceTree = BUILT_PRODUCTS_DIR; };
		7EB939FF20AC195800501D57 /* AppDelegate.h */ = {isa = PBXFileReference; lastKnownFileType = sourcecode.c.h; path = AppDelegate.h; sourceTree = "<group>"; };
		7EB93A0020AC195800501D57 /* AppDelegate.m */ = {isa = PBXFileReference; lastKnownFileType = sourcecode.c.objc; path = AppDelegate.m; sourceTree = "<group>"; };
		7EB93A0220AC195800501D57 /* ViewController.h */ = {isa = PBXFileReference; lastKnownFileType = sourcecode.c.h; path = ViewController.h; sourceTree = "<group>"; };
		7EB93A0320AC195800501D57 /* ViewController.m */ = {isa = PBXFileReference; lastKnownFileType = sourcecode.c.objc; path = ViewController.m; sourceTree = "<group>"; };
		7EB93A0620AC195800501D57 /* Base */ = {isa = PBXFileReference; lastKnownFileType = file.storyboard; name = Base; path = Base.lproj/Main.storyboard; sourceTree = "<group>"; };
		7EB93A0820AC195800501D57 /* Assets.xcassets */ = {isa = PBXFileReference; lastKnownFileType = folder.assetcatalog; path = Assets.xcassets; sourceTree = "<group>"; };
		7EB93A0B20AC195800501D57 /* Base */ = {isa = PBXFileReference; lastKnownFileType = file.storyboard; name = Base; path = Base.lproj/LaunchScreen.storyboard; sourceTree = "<group>"; };
		7EB93A0D20AC195800501D57 /* Info.plist */ = {isa = PBXFileReference; lastKnownFileType = text.plist.xml; path = Info.plist; sourceTree = "<group>"; };
		7EB93A0E20AC195800501D57 /* main.m */ = {isa = PBXFileReference; lastKnownFileType = sourcecode.c.objc; path = main.m; sourceTree = "<group>"; };
		7EB93A1620AC197C00501D57 /* CircularLoopView.h */ = {isa = PBXFileReference; lastKnownFileType = sourcecode.c.h; path = CircularLoopView.h; sourceTree = "<group>"; };
		7EB93A1720AC197C00501D57 /* CircularLoopView.m */ = {isa = PBXFileReference; lastKnownFileType = sourcecode.c.objc; path = CircularLoopView.m; sourceTree = "<group>"; };
		7EB93A1920AC1A2E00501D57 /* UIColor+Hex.h */ = {isa = PBXFileReference; lastKnownFileType = sourcecode.c.h; path = "UIColor+Hex.h"; sourceTree = "<group>"; };
		7EB93A1A20AC1A2E00501D57 /* UIColor+Hex.m */ = {isa = PBXFileReference; lastKnownFileType = sourcecode.c.objc; path = "UIColor+Hex.m"; sourceTree = "<group>"; };
		7EB93A1F20AC1C2700501D57 /* ChartRenderModel.h */ = {isa = PBXFileReference; lastKnownFileType = sourcecode.c.h; path = ChartRenderModel.h; sourceTree = "<group>"; };
		7EB93A2020AC1C2700501D57 /* ChartRenderModel.m */ = {isa = PBXFileReference; lastKnownFileType = sourcecode.c.objc; path = ChartRenderModel.m; sourceTree = "<group>"; };
		7EB93A2320AC1D7900501D57 /* CoreGraphics.framework */ = {isa = PBXFileReference; lastKnownFileType = wrapper.framework; name = CoreGraphics.framework; path = System/Library/Frameworks/CoreGraphics.framework; sourceTree = SDKROOT; };
		7EEEE55E20AC267000A2D26E /* CircularShapeLayer.h */ = {isa = PBXFileReference; lastKnownFileType = sourcecode.c.h; path = CircularShapeLayer.h; sourceTree = "<group>"; };
		7EEEE55F20AC267000A2D26E /* CircularShapeLayer.m */ = {isa = PBXFileReference; lastKnownFileType = sourcecode.c.objc; path = CircularShapeLayer.m; sourceTree = "<group>"; };
		7EEEE56120AD590700A2D26E /* qqw.gif */ = {isa = PBXFileReference; lastKnownFileType = image.gif; path = qqw.gif; sourceTree = "<group>"; };
/* End PBXFileReference section */

/* Begin PBXFrameworksBuildPhase section */
		7EB939F920AC195800501D57 /* Frameworks */ = {
			isa = PBXFrameworksBuildPhase;
			buildActionMask = 2147483647;
			files = (
			);
			runOnlyForDeploymentPostprocessing = 0;
		};
/* End PBXFrameworksBuildPhase section */

/* Begin PBXGroup section */
		7EB939F320AC195800501D57 = {
			isa = PBXGroup;
			children = (
				7EB939FE20AC195800501D57 /* CircularLoopView */,
				7EB939FD20AC195800501D57 /* Products */,
				7EB93A2220AC1D7800501D57 /* Frameworks */,
			);
			sourceTree = "<group>";
		};
		7EB939FD20AC195800501D57 /* Products */ = {
			isa = PBXGroup;
			children = (
				7EB939FC20AC195800501D57 /* CircularLoopView.app */,
			);
			name = Products;
			sourceTree = "<group>";
		};
		7EB939FE20AC195800501D57 /* CircularLoopView */ = {
			isa = PBXGroup;
			children = (
				7EB939FF20AC195800501D57 /* AppDelegate.h */,
				7EB93A0020AC195800501D57 /* AppDelegate.m */,
				7EB93A0220AC195800501D57 /* ViewController.h */,
				7EB93A0320AC195800501D57 /* ViewController.m */,
				7EEEE56120AD590700A2D26E /* qqw.gif */,
				7EB93A1520AC196800501D57 /* CircularLoopView */,
				7EB93A0520AC195800501D57 /* Main.storyboard */,
				7EB93A0820AC195800501D57 /* Assets.xcassets */,
				7EB93A0A20AC195800501D57 /* LaunchScreen.storyboard */,
				7EB93A0D20AC195800501D57 /* Info.plist */,
				7EB93A0E20AC195800501D57 /* main.m */,
			);
			path = CircularLoopView;
			sourceTree = "<group>";
		};
		7EB93A1520AC196800501D57 /* CircularLoopView */ = {
			isa = PBXGroup;
			children = (
				7EB93A1620AC197C00501D57 /* CircularLoopView.h */,
				7EB93A1720AC197C00501D57 /* CircularLoopView.m */,
				7EEEE55E20AC267000A2D26E /* CircularShapeLayer.h */,
				7EEEE55F20AC267000A2D26E /* CircularShapeLayer.m */,
				7EB93A1F20AC1C2700501D57 /* ChartRenderModel.h */,
				7EB93A2020AC1C2700501D57 /* ChartRenderModel.m */,
				7EB93A1920AC1A2E00501D57 /* UIColor+Hex.h */,
				7EB93A1A20AC1A2E00501D57 /* UIColor+Hex.m */,
			);
			path = CircularLoopView;
			sourceTree = "<group>";
		};
		7EB93A2220AC1D7800501D57 /* Frameworks */ = {
			isa = PBXGroup;
			children = (
				7EB93A2320AC1D7900501D57 /* CoreGraphics.framework */,
			);
			name = Frameworks;
			sourceTree = "<group>";
		};
/* End PBXGroup section */

/* Begin PBXNativeTarget section */
		7EB939FB20AC195800501D57 /* CircularLoopView */ = {
			isa = PBXNativeTarget;
			buildConfigurationList = 7EB93A1220AC195800501D57 /* Build configuration list for PBXNativeTarget "CircularLoopView" */;
			buildPhases = (
				7EB939F820AC195800501D57 /* Sources */,
				7EB939F920AC195800501D57 /* Frameworks */,
				7EB939FA20AC195800501D57 /* Resources */,
			);
			buildRules = (
			);
			dependencies = (
			);
			name = CircularLoopView;
			productName = CircularLoopView;
			productReference = 7EB939FC20AC195800501D57 /* CircularLoopView.app */;
			productType = "com.apple.product-type.application";
		};
/* End PBXNativeTarget section */

/* Begin PBXProject section */
		7EB939F420AC195800501D57 /* Project object */ = {
			isa = PBXProject;
			attributes = {
				LastUpgradeCheck = 0910;
				ORGANIZATIONNAME = anxindeli;
				TargetAttributes = {
					7EB939FB20AC195800501D57 = {
						CreatedOnToolsVersion = 9.1;
						ProvisioningStyle = Automatic;
					};
				};
			};
			buildConfigurationList = 7EB939F720AC195800501D57 /* Build configuration list for PBXProject "CircularLoopView" */;
			compatibilityVersion = "Xcode 8.0";
			developmentRegion = en;
			hasScannedForEncodings = 0;
			knownRegions = (
				en,
				Base,
			);
			mainGroup = 7EB939F320AC195800501D57;
			productRefGroup = 7EB939FD20AC195800501D57 /* Products */;
			projectDirPath = "";
			projectRoot = "";
			targets = (
				7EB939FB20AC195800501D57 /* CircularLoopView */,
			);
		};
/* End PBXProject section */

/* Begin PBXResourcesBuildPhase section */
		7EB939FA20AC195800501D57 /* Resources */ = {
			isa = PBXResourcesBuildPhase;
			buildActionMask = 2147483647;
			files = (
				7EEEE56220AD590700A2D26E /* qqw.gif in Resources */,
				7EB93A0C20AC195800501D57 /* LaunchScreen.storyboard in Resources */,
				7EB93A0920AC195800501D57 /* Assets.xcassets in Resources */,
				7EB93A0720AC195800501D57 /* Main.storyboard in Resources */,
			);
			runOnlyForDeploymentPostprocessing = 0;
		};
/* End PBXResourcesBuildPhase section */

/* Begin PBXSourcesBuildPhase section */
		7EB939F820AC195800501D57 /* Sources */ = {
			isa = PBXSourcesBuildPhase;
			buildActionMask = 2147483647;
			files = (
				7E148B0320AC1EB800E6267D /* CircularLoopView.m in Sources */,
				7E148B0420AC1EB800E6267D /* ChartRenderModel.m in Sources */,
				7EB93A0420AC195800501D57 /* ViewController.m in Sources */,
				7EEEE56020AC267000A2D26E /* CircularShapeLayer.m in Sources */,
				7EB93A1B20AC1A2E00501D57 /* UIColor+Hex.m in Sources */,
				7EB93A0F20AC195800501D57 /* main.m in Sources */,
				7EB93A0120AC195800501D57 /* AppDelegate.m in Sources */,
			);
			runOnlyForDeploymentPostprocessing = 0;
		};
/* End PBXSourcesBuildPhase section */

/* Begin PBXVariantGroup section */
		7EB93A0520AC195800501D57 /* Main.storyboard */ = {
			isa = PBXVariantGroup;
			children = (
				7EB93A0620AC195800501D57 /* Base */,
			);
			name = Main.storyboard;
			sourceTree = "<group>";
		};
		7EB93A0A20AC195800501D57 /* LaunchScreen.storyboard */ = {
			isa = PBXVariantGroup;
			children = (
				7EB93A0B20AC195800501D57 /* Base */,
			);
			name = LaunchScreen.storyboard;
			sourceTree = "<group>";
		};
/* End PBXVariantGroup section */

/* Begin XCBuildConfiguration section */
		7EB93A1020AC195800501D57 /* Debug */ = {
			isa = XCBuildConfiguration;
			buildSettings = {
				ALWAYS_SEARCH_USER_PATHS = NO;
				CLANG_ANALYZER_NONNULL = YES;
				CLANG_ANALYZER_NUMBER_OBJECT_CONVERSION = YES_AGGRESSIVE;
				CLANG_CXX_LANGUAGE_STANDARD = "gnu++14";
				CLANG_CXX_LIBRARY = "libc++";
				CLANG_ENABLE_MODULES = YES;
				CLANG_ENABLE_OBJC_ARC = YES;
				CLANG_WARN_BLOCK_CAPTURE_AUTORELEASING = YES;
				CLANG_WARN_BOOL_CONVERSION = YES;
				CLANG_WARN_COMMA = YES;
				CLANG_WARN_CONSTANT_CONVERSION = YES;
				CLANG_WARN_DIRECT_OBJC_ISA_USAGE = YES_ERROR;
				CLANG_WARN_DOCUMENTATION_COMMENTS = YES;
				CLANG_WARN_EMPTY_BODY = YES;
				CLANG_WARN_ENUM_CONVERSION = YES;
				CLANG_WARN_INFINITE_RECURSION = YES;
				CLANG_WARN_INT_CONVERSION = YES;
				CLANG_WARN_NON_LITERAL_NULL_CONVERSION = YES;
				CLANG_WARN_OBJC_LITERAL_CONVERSION = YES;
				CLANG_WARN_OBJC_ROOT_CLASS = YES_ERROR;
				CLANG_WARN_RANGE_LOOP_ANALYSIS = YES;
				CLANG_WARN_STRICT_PROTOTYPES = YES;
				CLANG_WARN_SUSPICIOUS_MOVE = YES;
				CLANG_WARN_UNGUARDED_AVAILABILITY = YES_AGGRESSIVE;
				CLANG_WARN_UNREACHABLE_CODE = YES;
				CLANG_WARN__DUPLICATE_METHOD_MATCH = YES;
				CODE_SIGN_IDENTITY = "iPhone Developer";
				COPY_PHASE_STRIP = NO;
				DEBUG_INFORMATION_FORMAT = dwarf;
				ENABLE_STRICT_OBJC_MSGSEND = YES;
				ENABLE_TESTABILITY = YES;
				GCC_C_LANGUAGE_STANDARD = gnu11;
				GCC_DYNAMIC_NO_PIC = NO;
				GCC_NO_COMMON_BLOCKS = YES;
				GCC_OPTIMIZATION_LEVEL = 0;
				GCC_PREPROCESSOR_DEFINITIONS = (
					"DEBUG=1",
					"$(inherited)",
				);
				GCC_WARN_64_TO_32_BIT_CONVERSION = YES;
				GCC_WARN_ABOUT_RETURN_TYPE = YES_ERROR;
				GCC_WARN_UNDECLARED_SELECTOR = YES;
				GCC_WARN_UNINITIALIZED_AUTOS = YES_AGGRESSIVE;
				GCC_WARN_UNUSED_FUNCTION = YES;
				GCC_WARN_UNUSED_VARIABLE = YES;
				IPHONEOS_DEPLOYMENT_TARGET = 8.0;
				MTL_ENABLE_DEBUG_INFO = YES;
				ONLY_ACTIVE_ARCH = YES;
				SDKROOT = iphoneos;
			};
			name = Debug;
		};
		7EB93A1120AC195800501D57 /* Release */ = {
			isa = XCBuildConfiguration;
			buildSettings = {
				ALWAYS_SEARCH_USER_PATHS = NO;
				CLANG_ANALYZER_NONNULL = YES;
				CLANG_ANALYZER_NUMBER_OBJECT_CONVERSION = YES_AGGRESSIVE;
				CLANG_CXX_LANGUAGE_STANDARD = "gnu++14";
				CLANG_CXX_LIBRARY = "libc++";
				CLANG_ENABLE_MODULES = YES;
				CLANG_ENABLE_OBJC_ARC = YES;
				CLANG_WARN_BLOCK_CAPTURE_AUTORELEASING = YES;
				CLANG_WARN_BOOL_CONVERSION = YES;
				CLANG_WARN_COMMA = YES;
				CLANG_WARN_CONSTANT_CONVERSION = YES;
				CLANG_WARN_DIRECT_OBJC_ISA_USAGE = YES_ERROR;
				CLANG_WARN_DOCUMENTATION_COMMENTS = YES;
				CLANG_WARN_EMPTY_BODY = YES;
				CLANG_WARN_ENUM_CONVERSION = YES;
				CLANG_WARN_INFINITE_RECURSION = YES;
				CLANG_WARN_INT_CONVERSION = YES;
				CLANG_WARN_NON_LITERAL_NULL_CONVERSION = YES;
				CLANG_WARN_OBJC_LITERAL_CONVERSION = YES;
				CLANG_WARN_OBJC_ROOT_CLASS = YES_ERROR;
				CLANG_WARN_RANGE_LOOP_ANALYSIS = YES;
				CLANG_WARN_STRICT_PROTOTYPES = YES;
				CLANG_WARN_SUSPICIOUS_MOVE = YES;
				CLANG_WARN_UNGUARDED_AVAILABILITY = YES_AGGRESSIVE;
				CLANG_WARN_UNREACHABLE_CODE = YES;
				CLANG_WARN__DUPLICATE_METHOD_MATCH = YES;
				CODE_SIGN_IDENTITY = "iPhone Developer";
				COPY_PHASE_STRIP = NO;
				DEBUG_INFORMATION_FORMAT = "dwarf-with-dsym";
				ENABLE_NS_ASSERTIONS = NO;
				ENABLE_STRICT_OBJC_MSGSEND = YES;
				GCC_C_LANGUAGE_STANDARD = gnu11;
				GCC_NO_COMMON_BLOCKS = YES;
				GCC_WARN_64_TO_32_BIT_CONVERSION = YES;
				GCC_WARN_ABOUT_RETURN_TYPE = YES_ERROR;
				GCC_WARN_UNDECLARED_SELECTOR = YES;
				GCC_WARN_UNINITIALIZED_AUTOS = YES_AGGRESSIVE;
				GCC_WARN_UNUSED_FUNCTION = YES;
				GCC_WARN_UNUSED_VARIABLE = YES;
				IPHONEOS_DEPLOYMENT_TARGET = 8.0;
				MTL_ENABLE_DEBUG_INFO = NO;
				SDKROOT = iphoneos;
				VALIDATE_PRODUCT = YES;
			};
			name = Release;
		};
		7EB93A1320AC195800501D57 /* Debug */ = {
			isa = XCBuildConfiguration;
			buildSettings = {
				ASSETCATALOG_COMPILER_APPICON_NAME = AppIcon;
				CODE_SIGN_STYLE = Automatic;
				DEVELOPMENT_TEAM = 2WF494FH62;
				GCC_INPUT_FILETYPE = automatic;
				INFOPLIST_FILE = CircularLoopView/Info.plist;
				IPHONEOS_DEPLOYMENT_TARGET = 8.0;
				LD_RUNPATH_SEARCH_PATHS = "$(inherited) @executable_path/Frameworks";
				PRODUCT_BUNDLE_IDENTIFIER = anxindeli.CircularLoopView;
				PRODUCT_NAME = "$(TARGET_NAME)";
				TARGETED_DEVICE_FAMILY = "1,2";
			};
			name = Debug;
		};
		7EB93A1420AC195800501D57 /* Release */ = {
			isa = XCBuildConfiguration;
			buildSettings = {
				ASSETCATALOG_COMPILER_APPICON_NAME = AppIcon;
				CODE_SIGN_STYLE = Automatic;
				DEVELOPMENT_TEAM = 2WF494FH62;
				GCC_INPUT_FILETYPE = automatic;
				INFOPLIST_FILE = CircularLoopView/Info.plist;
				IPHONEOS_DEPLOYMENT_TARGET = 8.0;
				LD_RUNPATH_SEARCH_PATHS = "$(inherited) @executable_path/Frameworks";
				PRODUCT_BUNDLE_IDENTIFIER = anxindeli.CircularLoopView;
				PRODUCT_NAME = "$(TARGET_NAME)";
				TARGETED_DEVICE_FAMILY = "1,2";
			};
			name = Release;
		};
/* End XCBuildConfiguration section */

/* Begin XCConfigurationList section */
		7EB939F720AC195800501D57 /* Build configuration list for PBXProject "CircularLoopView" */ = {
			isa = XCConfigurationList;
			buildConfigurations = (
				7EB93A1020AC195800501D57 /* Debug */,
				7EB93A1120AC195800501D57 /* Release */,
			);
			defaultConfigurationIsVisible = 0;
			defaultConfigurationName = Release;
		};
		7EB93A1220AC195800501D57 /* Build configuration list for PBXNativeTarget "CircularLoopView" */ = {
			isa = XCConfigurationList;
			buildConfigurations = (
				7EB93A1320AC195800501D57 /* Debug */,
				7EB93A1420AC195800501D57 /* Release */,
			);
			defaultConfigurationIsVisible = 0;
			defaultConfigurationName = Release;
		};
/* End XCConfigurationList section */
	};
	rootObject = 7EB939F420AC195800501D57 /* Project object */;
}
